// !$*UTF8*$!
{
	archiveVersion = 1;
	classes = {
	};
	objectVersion = 46;
	objects = {

/* Begin PBXAggregateTarget section */
		"HandySwift::HandySwiftPackageTests::ProductTarget" /* HandySwiftPackageTests */ = {
			isa = PBXAggregateTarget;
			buildConfigurationList = OBJ_84 /* Build configuration list for PBXAggregateTarget "HandySwiftPackageTests" */;
			buildPhases = (
			);
			dependencies = (
				OBJ_87 /* PBXTargetDependency */,
			);
			name = HandySwiftPackageTests;
			productName = HandySwiftPackageTests;
		};
/* End PBXAggregateTarget section */

/* Begin PBXBuildFile section */
		OBJ_46 /* Package.swift in Sources */ = {isa = PBXBuildFile; fileRef = OBJ_6 /* Package.swift */; };
		OBJ_52 /* ArrayExtensionTests.swift in Sources */ = {isa = PBXBuildFile; fileRef = OBJ_25 /* ArrayExtensionTests.swift */; };
		OBJ_53 /* CharacterViewExtensionTests.swift in Sources */ = {isa = PBXBuildFile; fileRef = OBJ_26 /* CharacterViewExtensionTests.swift */; };
		OBJ_54 /* DictionaryExtensionTests.swift in Sources */ = {isa = PBXBuildFile; fileRef = OBJ_27 /* DictionaryExtensionTests.swift */; };
		OBJ_55 /* DispatchTimeIntervalExtensionTests.swift in Sources */ = {isa = PBXBuildFile; fileRef = OBJ_28 /* DispatchTimeIntervalExtensionTests.swift */; };
		OBJ_56 /* IntExtensionTests.swift in Sources */ = {isa = PBXBuildFile; fileRef = OBJ_29 /* IntExtensionTests.swift */; };
		OBJ_57 /* IntegerTypeExtensionTests.swift in Sources */ = {isa = PBXBuildFile; fileRef = OBJ_30 /* IntegerTypeExtensionTests.swift */; };
		OBJ_58 /* StringExtensionTests.swift in Sources */ = {isa = PBXBuildFile; fileRef = OBJ_31 /* StringExtensionTests.swift */; };
		OBJ_59 /* TimeIntervalExtensionTests.swift in Sources */ = {isa = PBXBuildFile; fileRef = OBJ_32 /* TimeIntervalExtensionTests.swift */; };
		OBJ_60 /* GlobalsTests.swift in Sources */ = {isa = PBXBuildFile; fileRef = OBJ_33 /* GlobalsTests.swift */; };
		OBJ_61 /* FrequencyTableTests.swift in Sources */ = {isa = PBXBuildFile; fileRef = OBJ_35 /* FrequencyTableTests.swift */; };
		OBJ_62 /* SortedArrayTests.swift in Sources */ = {isa = PBXBuildFile; fileRef = OBJ_36 /* SortedArrayTests.swift */; };
		OBJ_64 /* HandySwift.framework in Frameworks */ = {isa = PBXBuildFile; fileRef = "HandySwift::HandySwift::Product" /* HandySwift.framework */; };
		OBJ_71 /* ArrayExtension.swift in Sources */ = {isa = PBXBuildFile; fileRef = OBJ_10 /* ArrayExtension.swift */; };
		OBJ_72 /* CharacterViewExtension.swift in Sources */ = {isa = PBXBuildFile; fileRef = OBJ_11 /* CharacterViewExtension.swift */; };
		OBJ_73 /* DictionaryExtension.swift in Sources */ = {isa = PBXBuildFile; fileRef = OBJ_12 /* DictionaryExtension.swift */; };
		OBJ_74 /* DispatchTimeIntervalExtension.swift in Sources */ = {isa = PBXBuildFile; fileRef = OBJ_13 /* DispatchTimeIntervalExtension.swift */; };
		OBJ_75 /* IntExtension.swift in Sources */ = {isa = PBXBuildFile; fileRef = OBJ_14 /* IntExtension.swift */; };
		OBJ_76 /* IntegerTypeExtension.swift in Sources */ = {isa = PBXBuildFile; fileRef = OBJ_15 /* IntegerTypeExtension.swift */; };
		OBJ_77 /* StringExtension.swift in Sources */ = {isa = PBXBuildFile; fileRef = OBJ_16 /* StringExtension.swift */; };
		OBJ_78 /* TimeIntervalExtension.swift in Sources */ = {isa = PBXBuildFile; fileRef = OBJ_17 /* TimeIntervalExtension.swift */; };
		OBJ_79 /* Globals.swift in Sources */ = {isa = PBXBuildFile; fileRef = OBJ_18 /* Globals.swift */; };
		OBJ_80 /* FrequencyTable.swift in Sources */ = {isa = PBXBuildFile; fileRef = OBJ_20 /* FrequencyTable.swift */; };
		OBJ_81 /* SortedArray.swift in Sources */ = {isa = PBXBuildFile; fileRef = OBJ_21 /* SortedArray.swift */; };
/* End PBXBuildFile section */

/* Begin PBXContainerItemProxy section */
		EF4E89831F8230DB00E70BEE /* PBXContainerItemProxy */ = {
			isa = PBXContainerItemProxy;
			containerPortal = OBJ_1 /* Project object */;
			proxyType = 1;
			remoteGlobalIDString = "HandySwift::HandySwift";
			remoteInfo = HandySwift;
		};
		EF4E89841F8230DB00E70BEE /* PBXContainerItemProxy */ = {
			isa = PBXContainerItemProxy;
			containerPortal = OBJ_1 /* Project object */;
			proxyType = 1;
			remoteGlobalIDString = "HandySwift::HandySwiftTests";
			remoteInfo = HandySwiftTests;
		};
/* End PBXContainerItemProxy section */

/* Begin PBXFileReference section */
		"HandySwift::HandySwift::Product" /* HandySwift.framework */ = {isa = PBXFileReference; explicitFileType = wrapper.framework; path = HandySwift.framework; sourceTree = BUILT_PRODUCTS_DIR; };
		"HandySwift::HandySwiftTests::Product" /* HandySwiftTests.xctest */ = {isa = PBXFileReference; explicitFileType = wrapper.cfbundle; path = HandySwiftTests.xctest; sourceTree = BUILT_PRODUCTS_DIR; };
		OBJ_10 /* ArrayExtension.swift */ = {isa = PBXFileReference; lastKnownFileType = sourcecode.swift; path = ArrayExtension.swift; sourceTree = "<group>"; };
		OBJ_11 /* CharacterViewExtension.swift */ = {isa = PBXFileReference; lastKnownFileType = sourcecode.swift; path = CharacterViewExtension.swift; sourceTree = "<group>"; };
		OBJ_12 /* DictionaryExtension.swift */ = {isa = PBXFileReference; lastKnownFileType = sourcecode.swift; path = DictionaryExtension.swift; sourceTree = "<group>"; };
		OBJ_13 /* DispatchTimeIntervalExtension.swift */ = {isa = PBXFileReference; lastKnownFileType = sourcecode.swift; path = DispatchTimeIntervalExtension.swift; sourceTree = "<group>"; };
		OBJ_14 /* IntExtension.swift */ = {isa = PBXFileReference; lastKnownFileType = sourcecode.swift; path = IntExtension.swift; sourceTree = "<group>"; };
		OBJ_15 /* IntegerTypeExtension.swift */ = {isa = PBXFileReference; lastKnownFileType = sourcecode.swift; path = IntegerTypeExtension.swift; sourceTree = "<group>"; };
		OBJ_16 /* StringExtension.swift */ = {isa = PBXFileReference; lastKnownFileType = sourcecode.swift; path = StringExtension.swift; sourceTree = "<group>"; };
		OBJ_17 /* TimeIntervalExtension.swift */ = {isa = PBXFileReference; lastKnownFileType = sourcecode.swift; path = TimeIntervalExtension.swift; sourceTree = "<group>"; };
		OBJ_18 /* Globals.swift */ = {isa = PBXFileReference; lastKnownFileType = sourcecode.swift; path = Globals.swift; sourceTree = "<group>"; };
		OBJ_20 /* FrequencyTable.swift */ = {isa = PBXFileReference; lastKnownFileType = sourcecode.swift; path = FrequencyTable.swift; sourceTree = "<group>"; };
		OBJ_21 /* SortedArray.swift */ = {isa = PBXFileReference; lastKnownFileType = sourcecode.swift; path = SortedArray.swift; sourceTree = "<group>"; };
		OBJ_25 /* ArrayExtensionTests.swift */ = {isa = PBXFileReference; lastKnownFileType = sourcecode.swift; path = ArrayExtensionTests.swift; sourceTree = "<group>"; };
		OBJ_26 /* CharacterViewExtensionTests.swift */ = {isa = PBXFileReference; lastKnownFileType = sourcecode.swift; path = CharacterViewExtensionTests.swift; sourceTree = "<group>"; };
		OBJ_27 /* DictionaryExtensionTests.swift */ = {isa = PBXFileReference; lastKnownFileType = sourcecode.swift; path = DictionaryExtensionTests.swift; sourceTree = "<group>"; };
		OBJ_28 /* DispatchTimeIntervalExtensionTests.swift */ = {isa = PBXFileReference; lastKnownFileType = sourcecode.swift; path = DispatchTimeIntervalExtensionTests.swift; sourceTree = "<group>"; };
		OBJ_29 /* IntExtensionTests.swift */ = {isa = PBXFileReference; lastKnownFileType = sourcecode.swift; path = IntExtensionTests.swift; sourceTree = "<group>"; };
		OBJ_30 /* IntegerTypeExtensionTests.swift */ = {isa = PBXFileReference; lastKnownFileType = sourcecode.swift; path = IntegerTypeExtensionTests.swift; sourceTree = "<group>"; };
		OBJ_31 /* StringExtensionTests.swift */ = {isa = PBXFileReference; lastKnownFileType = sourcecode.swift; path = StringExtensionTests.swift; sourceTree = "<group>"; };
		OBJ_32 /* TimeIntervalExtensionTests.swift */ = {isa = PBXFileReference; lastKnownFileType = sourcecode.swift; path = TimeIntervalExtensionTests.swift; sourceTree = "<group>"; };
		OBJ_33 /* GlobalsTests.swift */ = {isa = PBXFileReference; lastKnownFileType = sourcecode.swift; path = GlobalsTests.swift; sourceTree = "<group>"; };
		OBJ_35 /* FrequencyTableTests.swift */ = {isa = PBXFileReference; lastKnownFileType = sourcecode.swift; path = FrequencyTableTests.swift; sourceTree = "<group>"; };
		OBJ_36 /* SortedArrayTests.swift */ = {isa = PBXFileReference; lastKnownFileType = sourcecode.swift; path = SortedArrayTests.swift; sourceTree = "<group>"; };
		OBJ_37 /* HandySwift.xcworkspace */ = {isa = PBXFileReference; lastKnownFileType = wrapper.workspace; path = HandySwift.xcworkspace; sourceTree = SOURCE_ROOT; };
		OBJ_6 /* Package.swift */ = {isa = PBXFileReference; explicitFileType = sourcecode.swift; path = Package.swift; sourceTree = "<group>"; };
/* End PBXFileReference section */

/* Begin PBXFrameworksBuildPhase section */
		OBJ_63 /* Frameworks */ = {
			isa = PBXFrameworksBuildPhase;
			buildActionMask = 0;
			files = (
				OBJ_64 /* HandySwift.framework in Frameworks */,
			);
			runOnlyForDeploymentPostprocessing = 0;
		};
		OBJ_82 /* Frameworks */ = {
			isa = PBXFrameworksBuildPhase;
			buildActionMask = 0;
			files = (
			);
			runOnlyForDeploymentPostprocessing = 0;
		};
/* End PBXFrameworksBuildPhase section */

/* Begin PBXGroup section */
		OBJ_19 /* Structs */ = {
			isa = PBXGroup;
			children = (
				OBJ_20 /* FrequencyTable.swift */,
				OBJ_21 /* SortedArray.swift */,
			);
			path = Structs;
			sourceTree = "<group>";
		};
		OBJ_22 /* Tests */ = {
			isa = PBXGroup;
			children = (
				OBJ_23 /* HandySwiftTests */,
			);
			name = Tests;
			sourceTree = SOURCE_ROOT;
		};
		OBJ_23 /* HandySwiftTests */ = {
			isa = PBXGroup;
			children = (
				OBJ_24 /* Extensions */,
				OBJ_33 /* GlobalsTests.swift */,
				OBJ_34 /* Structs */,
			);
			name = HandySwiftTests;
			path = Tests/HandySwiftTests;
			sourceTree = SOURCE_ROOT;
		};
		OBJ_24 /* Extensions */ = {
			isa = PBXGroup;
			children = (
				OBJ_25 /* ArrayExtensionTests.swift */,
				OBJ_26 /* CharacterViewExtensionTests.swift */,
				OBJ_27 /* DictionaryExtensionTests.swift */,
				OBJ_28 /* DispatchTimeIntervalExtensionTests.swift */,
				OBJ_29 /* IntExtensionTests.swift */,
				OBJ_30 /* IntegerTypeExtensionTests.swift */,
				OBJ_31 /* StringExtensionTests.swift */,
				OBJ_32 /* TimeIntervalExtensionTests.swift */,
			);
			path = Extensions;
			sourceTree = "<group>";
		};
		OBJ_34 /* Structs */ = {
			isa = PBXGroup;
			children = (
				OBJ_35 /* FrequencyTableTests.swift */,
				OBJ_36 /* SortedArrayTests.swift */,
			);
			path = Structs;
			sourceTree = "<group>";
		};
		OBJ_38 /* Products */ = {
			isa = PBXGroup;
			children = (
				"HandySwift::HandySwiftTests::Product" /* HandySwiftTests.xctest */,
				"HandySwift::HandySwift::Product" /* HandySwift.framework */,
			);
			name = Products;
			sourceTree = BUILT_PRODUCTS_DIR;
		};
		OBJ_5 /*  */ = {
			isa = PBXGroup;
			children = (
				OBJ_6 /* Package.swift */,
				OBJ_7 /* Sources */,
				OBJ_22 /* Tests */,
				OBJ_37 /* HandySwift.xcworkspace */,
				OBJ_38 /* Products */,
			);
			name = "";
			sourceTree = "<group>";
		};
		OBJ_7 /* Sources */ = {
			isa = PBXGroup;
			children = (
				OBJ_8 /* HandySwift */,
			);
			name = Sources;
			sourceTree = SOURCE_ROOT;
		};
		OBJ_8 /* HandySwift */ = {
			isa = PBXGroup;
			children = (
				OBJ_9 /* Extensions */,
				OBJ_18 /* Globals.swift */,
				OBJ_19 /* Structs */,
			);
			name = HandySwift;
			path = Sources/HandySwift;
			sourceTree = SOURCE_ROOT;
		};
		OBJ_9 /* Extensions */ = {
			isa = PBXGroup;
			children = (
				OBJ_10 /* ArrayExtension.swift */,
				OBJ_11 /* CharacterViewExtension.swift */,
				OBJ_12 /* DictionaryExtension.swift */,
				OBJ_13 /* DispatchTimeIntervalExtension.swift */,
				OBJ_14 /* IntExtension.swift */,
				OBJ_15 /* IntegerTypeExtension.swift */,
				OBJ_16 /* StringExtension.swift */,
				OBJ_17 /* TimeIntervalExtension.swift */,
			);
			path = Extensions;
			sourceTree = "<group>";
		};
/* End PBXGroup section */

/* Begin PBXNativeTarget section */
		"HandySwift::HandySwift" /* HandySwift */ = {
			isa = PBXNativeTarget;
			buildConfigurationList = OBJ_67 /* Build configuration list for PBXNativeTarget "HandySwift" */;
			buildPhases = (
				OBJ_70 /* Sources */,
				OBJ_82 /* Frameworks */,
			);
			buildRules = (
			);
			dependencies = (
			);
			name = HandySwift;
			productName = HandySwift;
			productReference = "HandySwift::HandySwift::Product" /* HandySwift.framework */;
			productType = "com.apple.product-type.framework";
		};
		"HandySwift::HandySwiftTests" /* HandySwiftTests */ = {
			isa = PBXNativeTarget;
			buildConfigurationList = OBJ_48 /* Build configuration list for PBXNativeTarget "HandySwiftTests" */;
			buildPhases = (
				OBJ_51 /* Sources */,
				OBJ_63 /* Frameworks */,
			);
			buildRules = (
			);
			dependencies = (
				OBJ_65 /* PBXTargetDependency */,
			);
			name = HandySwiftTests;
			productName = HandySwiftTests;
			productReference = "HandySwift::HandySwiftTests::Product" /* HandySwiftTests.xctest */;
			productType = "com.apple.product-type.bundle.unit-test";
		};
		"HandySwift::SwiftPMPackageDescription" /* HandySwiftPackageDescription */ = {
			isa = PBXNativeTarget;
			buildConfigurationList = OBJ_42 /* Build configuration list for PBXNativeTarget "HandySwiftPackageDescription" */;
			buildPhases = (
				OBJ_45 /* Sources */,
			);
			buildRules = (
			);
			dependencies = (
			);
			name = HandySwiftPackageDescription;
			productName = HandySwiftPackageDescription;
			productType = "com.apple.product-type.framework";
		};
/* End PBXNativeTarget section */

/* Begin PBXProject section */
		OBJ_1 /* Project object */ = {
			isa = PBXProject;
			attributes = {
				LastUpgradeCheck = 9999;
				TargetAttributes = {
					"HandySwift::HandySwift" = {
						LastSwiftMigration = 0900;
					};
					"HandySwift::HandySwiftTests" = {
						LastSwiftMigration = 0900;
					};
				};
			};
			buildConfigurationList = OBJ_2 /* Build configuration list for PBXProject "HandySwift" */;
			compatibilityVersion = "Xcode 3.2";
			developmentRegion = English;
			hasScannedForEncodings = 0;
			knownRegions = (
				en,
			);
			mainGroup = OBJ_5 /*  */;
			productRefGroup = OBJ_38 /* Products */;
			projectDirPath = "";
			projectRoot = "";
			targets = (
				"HandySwift::SwiftPMPackageDescription" /* HandySwiftPackageDescription */,
				"HandySwift::HandySwiftTests" /* HandySwiftTests */,
				"HandySwift::HandySwift" /* HandySwift */,
				"HandySwift::HandySwiftPackageTests::ProductTarget" /* HandySwiftPackageTests */,
			);
		};
/* End PBXProject section */

/* Begin PBXSourcesBuildPhase section */
		OBJ_45 /* Sources */ = {
			isa = PBXSourcesBuildPhase;
			buildActionMask = 0;
			files = (
				OBJ_46 /* Package.swift in Sources */,
			);
			runOnlyForDeploymentPostprocessing = 0;
		};
		OBJ_51 /* Sources */ = {
			isa = PBXSourcesBuildPhase;
			buildActionMask = 0;
			files = (
				OBJ_52 /* ArrayExtensionTests.swift in Sources */,
				OBJ_53 /* CharacterViewExtensionTests.swift in Sources */,
				OBJ_54 /* DictionaryExtensionTests.swift in Sources */,
				OBJ_55 /* DispatchTimeIntervalExtensionTests.swift in Sources */,
				OBJ_56 /* IntExtensionTests.swift in Sources */,
				OBJ_57 /* IntegerTypeExtensionTests.swift in Sources */,
				OBJ_58 /* StringExtensionTests.swift in Sources */,
				OBJ_59 /* TimeIntervalExtensionTests.swift in Sources */,
				OBJ_60 /* GlobalsTests.swift in Sources */,
				OBJ_61 /* FrequencyTableTests.swift in Sources */,
				OBJ_62 /* SortedArrayTests.swift in Sources */,
			);
			runOnlyForDeploymentPostprocessing = 0;
		};
		OBJ_70 /* Sources */ = {
			isa = PBXSourcesBuildPhase;
			buildActionMask = 0;
			files = (
				OBJ_71 /* ArrayExtension.swift in Sources */,
				OBJ_72 /* CharacterViewExtension.swift in Sources */,
				OBJ_73 /* DictionaryExtension.swift in Sources */,
				OBJ_74 /* DispatchTimeIntervalExtension.swift in Sources */,
				OBJ_75 /* IntExtension.swift in Sources */,
				OBJ_76 /* IntegerTypeExtension.swift in Sources */,
				OBJ_77 /* StringExtension.swift in Sources */,
				OBJ_78 /* TimeIntervalExtension.swift in Sources */,
				OBJ_79 /* Globals.swift in Sources */,
				OBJ_80 /* FrequencyTable.swift in Sources */,
				OBJ_81 /* SortedArray.swift in Sources */,
			);
			runOnlyForDeploymentPostprocessing = 0;
		};
/* End PBXSourcesBuildPhase section */

/* Begin PBXTargetDependency section */
		OBJ_65 /* PBXTargetDependency */ = {
			isa = PBXTargetDependency;
			target = "HandySwift::HandySwift" /* HandySwift */;
			targetProxy = EF4E89831F8230DB00E70BEE /* PBXContainerItemProxy */;
		};
		OBJ_87 /* PBXTargetDependency */ = {
			isa = PBXTargetDependency;
			target = "HandySwift::HandySwiftTests" /* HandySwiftTests */;
			targetProxy = EF4E89841F8230DB00E70BEE /* PBXContainerItemProxy */;
		};
/* End PBXTargetDependency section */

/* Begin XCBuildConfiguration section */
		OBJ_3 /* Debug */ = {
			isa = XCBuildConfiguration;
			buildSettings = {
				CLANG_ENABLE_OBJC_ARC = YES;
				COMBINE_HIDPI_IMAGES = YES;
				COPY_PHASE_STRIP = NO;
				DEBUG_INFORMATION_FORMAT = dwarf;
				DYLIB_INSTALL_NAME_BASE = "@rpath";
				ENABLE_NS_ASSERTIONS = YES;
				GCC_OPTIMIZATION_LEVEL = 0;
				MACOSX_DEPLOYMENT_TARGET = 10.10;
				ONLY_ACTIVE_ARCH = YES;
				OTHER_SWIFT_FLAGS = "-DXcode";
				PRODUCT_NAME = "$(TARGET_NAME)";
				SDKROOT = macosx;
				SUPPORTED_PLATFORMS = "macosx iphoneos iphonesimulator appletvos appletvsimulator watchos watchsimulator";
				SWIFT_ACTIVE_COMPILATION_CONDITIONS = SWIFT_PACKAGE;
				SWIFT_OPTIMIZATION_LEVEL = "-Onone";
				USE_HEADERMAP = NO;
			};
			name = Debug;
		};
		OBJ_4 /* Release */ = {
			isa = XCBuildConfiguration;
			buildSettings = {
				CLANG_ENABLE_OBJC_ARC = YES;
				COMBINE_HIDPI_IMAGES = YES;
				COPY_PHASE_STRIP = YES;
				DEBUG_INFORMATION_FORMAT = "dwarf-with-dsym";
				DYLIB_INSTALL_NAME_BASE = "@rpath";
				GCC_OPTIMIZATION_LEVEL = s;
				MACOSX_DEPLOYMENT_TARGET = 10.10;
				OTHER_SWIFT_FLAGS = "-DXcode";
				PRODUCT_NAME = "$(TARGET_NAME)";
				SDKROOT = macosx;
				SUPPORTED_PLATFORMS = "macosx iphoneos iphonesimulator appletvos appletvsimulator watchos watchsimulator";
				SWIFT_ACTIVE_COMPILATION_CONDITIONS = SWIFT_PACKAGE;
				SWIFT_OPTIMIZATION_LEVEL = "-Owholemodule";
				USE_HEADERMAP = NO;
			};
			name = Release;
		};
		OBJ_43 /* Debug */ = {
			isa = XCBuildConfiguration;
			buildSettings = {
				LD = /usr/bin/true;
				OTHER_SWIFT_FLAGS = "-swift-version 3 -I /Applications/Xcode.app/Contents/Developer/Toolchains/XcodeDefault.xctoolchain/usr/lib/swift/pm/3 -target x86_64-apple-macosx10.10 -sdk /Applications/Xcode.app/Contents/Developer/Platforms/MacOSX.platform/Developer/SDKs/MacOSX10.13.sdk";
				SWIFT_SWIFT3_OBJC_INFERENCE = Off;
				SWIFT_VERSION = 3.0;
			};
			name = Debug;
		};
		OBJ_44 /* Release */ = {
			isa = XCBuildConfiguration;
			buildSettings = {
				LD = /usr/bin/true;
				OTHER_SWIFT_FLAGS = "-swift-version 3 -I /Applications/Xcode.app/Contents/Developer/Toolchains/XcodeDefault.xctoolchain/usr/lib/swift/pm/3 -target x86_64-apple-macosx10.10 -sdk /Applications/Xcode.app/Contents/Developer/Platforms/MacOSX.platform/Developer/SDKs/MacOSX10.13.sdk";
				SWIFT_SWIFT3_OBJC_INFERENCE = Off;
				SWIFT_VERSION = 3.0;
			};
			name = Release;
		};
		OBJ_49 /* Debug */ = {
			isa = XCBuildConfiguration;
			buildSettings = {
				EMBEDDED_CONTENT_CONTAINS_SWIFT = YES;
				FRAMEWORK_SEARCH_PATHS = (
					"$(inherited)",
					"$(PLATFORM_DIR)/Developer/Library/Frameworks",
				);
				HEADER_SEARCH_PATHS = "$(inherited)";
				INFOPLIST_FILE = HandySwift.xcodeproj/HandySwiftTests_Info.plist;
				LD_RUNPATH_SEARCH_PATHS = "@loader_path/../Frameworks @loader_path/Frameworks";
				OTHER_LDFLAGS = "$(inherited)";
				OTHER_SWIFT_FLAGS = "$(inherited)";
				SWIFT_SWIFT3_OBJC_INFERENCE = Off;
				SWIFT_VERSION = 4.0;
				TARGET_NAME = HandySwiftTests;
			};
			name = Debug;
		};
		OBJ_50 /* Release */ = {
			isa = XCBuildConfiguration;
			buildSettings = {
				EMBEDDED_CONTENT_CONTAINS_SWIFT = YES;
				FRAMEWORK_SEARCH_PATHS = (
					"$(inherited)",
					"$(PLATFORM_DIR)/Developer/Library/Frameworks",
				);
				HEADER_SEARCH_PATHS = "$(inherited)";
				INFOPLIST_FILE = HandySwift.xcodeproj/HandySwiftTests_Info.plist;
				LD_RUNPATH_SEARCH_PATHS = "@loader_path/../Frameworks @loader_path/Frameworks";
				OTHER_LDFLAGS = "$(inherited)";
				OTHER_SWIFT_FLAGS = "$(inherited)";
				SWIFT_SWIFT3_OBJC_INFERENCE = Off;
				SWIFT_VERSION = 4.0;
				TARGET_NAME = HandySwiftTests;
			};
			name = Release;
		};
		OBJ_68 /* Debug */ = {
			isa = XCBuildConfiguration;
			buildSettings = {
				ENABLE_TESTABILITY = YES;
				FRAMEWORK_SEARCH_PATHS = (
					"$(inherited)",
					"$(PLATFORM_DIR)/Developer/Library/Frameworks",
				);
				HEADER_SEARCH_PATHS = "$(inherited)";
				INFOPLIST_FILE = HandySwift.xcodeproj/HandySwift_Info.plist;
				LD_RUNPATH_SEARCH_PATHS = "$(TOOLCHAIN_DIR)/usr/lib/swift/macosx";
				OTHER_LDFLAGS = "$(inherited)";
				OTHER_SWIFT_FLAGS = "$(inherited)";
				PRODUCT_BUNDLE_IDENTIFIER = HandySwift;
				PRODUCT_MODULE_NAME = "$(TARGET_NAME:c99extidentifier)";
				PRODUCT_NAME = "$(TARGET_NAME:c99extidentifier)";
				SKIP_INSTALL = YES;
				SWIFT_SWIFT3_OBJC_INFERENCE = Off;
				SWIFT_VERSION = 4.0;
				TARGET_NAME = HandySwift;
			};
			name = Debug;
		};
		OBJ_69 /* Release */ = {
			isa = XCBuildConfiguration;
			buildSettings = {
				ENABLE_TESTABILITY = YES;
				FRAMEWORK_SEARCH_PATHS = (
					"$(inherited)",
					"$(PLATFORM_DIR)/Developer/Library/Frameworks",
				);
				HEADER_SEARCH_PATHS = "$(inherited)";
				INFOPLIST_FILE = HandySwift.xcodeproj/HandySwift_Info.plist;
				LD_RUNPATH_SEARCH_PATHS = "$(TOOLCHAIN_DIR)/usr/lib/swift/macosx";
				OTHER_LDFLAGS = "$(inherited)";
				OTHER_SWIFT_FLAGS = "$(inherited)";
				PRODUCT_BUNDLE_IDENTIFIER = HandySwift;
				PRODUCT_MODULE_NAME = "$(TARGET_NAME:c99extidentifier)";
				PRODUCT_NAME = "$(TARGET_NAME:c99extidentifier)";
				SKIP_INSTALL = YES;
				SWIFT_SWIFT3_OBJC_INFERENCE = Off;
				SWIFT_VERSION = 4.0;
				TARGET_NAME = HandySwift;
			};
			name = Release;
		};
		OBJ_85 /* Debug */ = {
			isa = XCBuildConfiguration;
			buildSettings = {
			};
			name = Debug;
		};
		OBJ_86 /* Release */ = {
			isa = XCBuildConfiguration;
			buildSettings = {
			};
			name = Release;
		};
/* End XCBuildConfiguration section */

/* Begin XCConfigurationList section */
		OBJ_2 /* Build configuration list for PBXProject "HandySwift" */ = {
			isa = XCConfigurationList;
			buildConfigurations = (
				OBJ_3 /* Debug */,
				OBJ_4 /* Release */,
			);
			defaultConfigurationIsVisible = 0;
			defaultConfigurationName = Debug;
		};
		OBJ_42 /* Build configuration list for PBXNativeTarget "HandySwiftPackageDescription" */ = {
			isa = XCConfigurationList;
			buildConfigurations = (
				OBJ_43 /* Debug */,
				OBJ_44 /* Release */,
			);
			defaultConfigurationIsVisible = 0;
			defaultConfigurationName = Debug;
		};
		OBJ_48 /* Build configuration list for PBXNativeTarget "HandySwiftTests" */ = {
			isa = XCConfigurationList;
			buildConfigurations = (
				OBJ_49 /* Debug */,
				OBJ_50 /* Release */,
			);
			defaultConfigurationIsVisible = 0;
			defaultConfigurationName = Debug;
		};
		OBJ_67 /* Build configuration list for PBXNativeTarget "HandySwift" */ = {
			isa = XCConfigurationList;
			buildConfigurations = (
				OBJ_68 /* Debug */,
				OBJ_69 /* Release */,
			);
			defaultConfigurationIsVisible = 0;
			defaultConfigurationName = Debug;
		};
		OBJ_84 /* Build configuration list for PBXAggregateTarget "HandySwiftPackageTests" */ = {
			isa = XCConfigurationList;
			buildConfigurations = (
				OBJ_85 /* Debug */,
				OBJ_86 /* Release */,
			);
			defaultConfigurationIsVisible = 0;
			defaultConfigurationName = Debug;
		};
/* End XCConfigurationList section */
	};
	rootObject = OBJ_1 /* Project object */;
}
